// !$*UTF8*$!
{
	archiveVersion = 1;
	classes = {
	};
	objectVersion = 56;
	objects = {

/* Begin PBXBuildFile section */
		4554EFD22A6A8651007AFDD9 /* AppDelegate.swift in Sources */ = {isa = PBXBuildFile; fileRef = 4554EFD12A6A8651007AFDD9 /* AppDelegate.swift */; };
		4554EFD42A6A8651007AFDD9 /* SceneDelegate.swift in Sources */ = {isa = PBXBuildFile; fileRef = 4554EFD32A6A8651007AFDD9 /* SceneDelegate.swift */; };
		4554EFD62A6A8651007AFDD9 /* ViewController.swift in Sources */ = {isa = PBXBuildFile; fileRef = 4554EFD52A6A8651007AFDD9 /* ViewController.swift */; };
		4554EFD92A6A8651007AFDD9 /* Main.storyboard in Resources */ = {isa = PBXBuildFile; fileRef = 4554EFD72A6A8651007AFDD9 /* Main.storyboard */; };
		4554EFDB2A6A8652007AFDD9 /* Assets.xcassets in Resources */ = {isa = PBXBuildFile; fileRef = 4554EFDA2A6A8652007AFDD9 /* Assets.xcassets */; };
		4554EFDE2A6A8652007AFDD9 /* LaunchScreen.storyboard in Resources */ = {isa = PBXBuildFile; fileRef = 4554EFDC2A6A8652007AFDD9 /* LaunchScreen.storyboard */; };
		4554EFE62A6A8660007AFDD9 /* CellController.swift in Sources */ = {isa = PBXBuildFile; fileRef = 4554EFE52A6A8660007AFDD9 /* CellController.swift */; };
		4554EFEB2A6A88D3007AFDD9 /* Type1TableCell.swift in Sources */ = {isa = PBXBuildFile; fileRef = 4554EFE92A6A88D3007AFDD9 /* Type1TableCell.swift */; };
		4554EFEC2A6A88D3007AFDD9 /* Type1TableCell.xib in Resources */ = {isa = PBXBuildFile; fileRef = 4554EFEA2A6A88D3007AFDD9 /* Type1TableCell.xib */; };
		4554EFEF2A6A88E5007AFDD9 /* Type2TableCell.swift in Sources */ = {isa = PBXBuildFile; fileRef = 4554EFED2A6A88E5007AFDD9 /* Type2TableCell.swift */; };
		4554EFF02A6A88E5007AFDD9 /* Type2TableCell.xib in Resources */ = {isa = PBXBuildFile; fileRef = 4554EFEE2A6A88E5007AFDD9 /* Type2TableCell.xib */; };
		4554EFF32A6A8DE2007AFDD9 /* Type3TableCell.swift in Sources */ = {isa = PBXBuildFile; fileRef = 4554EFF12A6A8DE2007AFDD9 /* Type3TableCell.swift */; };
		4554EFF42A6A8DE2007AFDD9 /* Type3TableCell.xib in Resources */ = {isa = PBXBuildFile; fileRef = 4554EFF22A6A8DE2007AFDD9 /* Type3TableCell.xib */; };
		4554EFF72A6A8DEF007AFDD9 /* Type4TableCell.swift in Sources */ = {isa = PBXBuildFile; fileRef = 4554EFF52A6A8DEF007AFDD9 /* Type4TableCell.swift */; };
		4554EFF82A6A8DEF007AFDD9 /* Type4TableCell.xib in Resources */ = {isa = PBXBuildFile; fileRef = 4554EFF62A6A8DEF007AFDD9 /* Type4TableCell.xib */; };
/* End PBXBuildFile section */

/* Begin PBXFileReference section */
		4554EFCE2A6A8651007AFDD9 /* TableViewWithoutSwiftCaseWithDifferentCell.app */ = {isa = PBXFileReference; explicitFileType = wrapper.application; includeInIndex = 0; path = TableViewWithoutSwiftCaseWithDifferentCell.app; sourceTree = BUILT_PRODUCTS_DIR; };
		4554EFD12A6A8651007AFDD9 /* AppDelegate.swift */ = {isa = PBXFileReference; lastKnownFileType = sourcecode.swift; path = AppDelegate.swift; sourceTree = "<group>"; };
		4554EFD32A6A8651007AFDD9 /* SceneDelegate.swift */ = {isa = PBXFileReference; lastKnownFileType = sourcecode.swift; path = SceneDelegate.swift; sourceTree = "<group>"; };
		4554EFD52A6A8651007AFDD9 /* ViewController.swift */ = {isa = PBXFileReference; lastKnownFileType = sourcecode.swift; path = ViewController.swift; sourceTree = "<group>"; };
		4554EFD82A6A8651007AFDD9 /* Base */ = {isa = PBXFileReference; lastKnownFileType = file.storyboard; name = Base; path = Base.lproj/Main.storyboard; sourceTree = "<group>"; };
		4554EFDA2A6A8652007AFDD9 /* Assets.xcassets */ = {isa = PBXFileReference; lastKnownFileType = folder.assetcatalog; path = Assets.xcassets; sourceTree = "<group>"; };
		4554EFDD2A6A8652007AFDD9 /* Base */ = {isa = PBXFileReference; lastKnownFileType = file.storyboard; name = Base; path = Base.lproj/LaunchScreen.storyboard; sourceTree = "<group>"; };
		4554EFDF2A6A8652007AFDD9 /* Info.plist */ = {isa = PBXFileReference; lastKnownFileType = text.plist.xml; path = Info.plist; sourceTree = "<group>"; };
		4554EFE52A6A8660007AFDD9 /* CellController.swift */ = {isa = PBXFileReference; lastKnownFileType = sourcecode.swift; path = CellController.swift; sourceTree = "<group>"; };
		4554EFE92A6A88D3007AFDD9 /* Type1TableCell.swift */ = {isa = PBXFileReference; lastKnownFileType = sourcecode.swift; path = Type1TableCell.swift; sourceTree = "<group>"; };
		4554EFEA2A6A88D3007AFDD9 /* Type1TableCell.xib */ = {isa = PBXFileReference; lastKnownFileType = file.xib; path = Type1TableCell.xib; sourceTree = "<group>"; };
		4554EFED2A6A88E5007AFDD9 /* Type2TableCell.swift */ = {isa = PBXFileReference; lastKnownFileType = sourcecode.swift; path = Type2TableCell.swift; sourceTree = "<group>"; };
		4554EFEE2A6A88E5007AFDD9 /* Type2TableCell.xib */ = {isa = PBXFileReference; lastKnownFileType = file.xib; path = Type2TableCell.xib; sourceTree = "<group>"; };
		4554EFF12A6A8DE2007AFDD9 /* Type3TableCell.swift */ = {isa = PBXFileReference; lastKnownFileType = sourcecode.swift; path = Type3TableCell.swift; sourceTree = "<group>"; };
		4554EFF22A6A8DE2007AFDD9 /* Type3TableCell.xib */ = {isa = PBXFileReference; lastKnownFileType = file.xib; path = Type3TableCell.xib; sourceTree = "<group>"; };
		4554EFF52A6A8DEF007AFDD9 /* Type4TableCell.swift */ = {isa = PBXFileReference; lastKnownFileType = sourcecode.swift; path = Type4TableCell.swift; sourceTree = "<group>"; };
		4554EFF62A6A8DEF007AFDD9 /* Type4TableCell.xib */ = {isa = PBXFileReference; lastKnownFileType = file.xib; path = Type4TableCell.xib; sourceTree = "<group>"; };
/* End PBXFileReference section */

/* Begin PBXFrameworksBuildPhase section */
		4554EFCB2A6A8651007AFDD9 /* Frameworks */ = {
			isa = PBXFrameworksBuildPhase;
			buildActionMask = 2147483647;
			files = (
			);
			runOnlyForDeploymentPostprocessing = 0;
		};
/* End PBXFrameworksBuildPhase section */

/* Begin PBXGroup section */
		4554EFC52A6A8651007AFDD9 = {
			isa = PBXGroup;
			children = (
				4554EFD02A6A8651007AFDD9 /* TableViewWithoutSwiftCaseWithDifferentCell */,
				4554EFCF2A6A8651007AFDD9 /* Products */,
			);
			sourceTree = "<group>";
		};
		4554EFCF2A6A8651007AFDD9 /* Products */ = {
			isa = PBXGroup;
			children = (
				4554EFCE2A6A8651007AFDD9 /* TableViewWithoutSwiftCaseWithDifferentCell.app */,
			);
			name = Products;
			sourceTree = "<group>";
		};
		4554EFD02A6A8651007AFDD9 /* TableViewWithoutSwiftCaseWithDifferentCell */ = {
			isa = PBXGroup;
			children = (
				4554EFD12A6A8651007AFDD9 /* AppDelegate.swift */,
				4554EFD32A6A8651007AFDD9 /* SceneDelegate.swift */,
				4554EFD52A6A8651007AFDD9 /* ViewController.swift */,
				4554EFD72A6A8651007AFDD9 /* Main.storyboard */,
				4554EFDA2A6A8652007AFDD9 /* Assets.xcassets */,
				4554EFDC2A6A8652007AFDD9 /* LaunchScreen.storyboard */,
				4554EFDF2A6A8652007AFDD9 /* Info.plist */,
				4554EFE52A6A8660007AFDD9 /* CellController.swift */,
				4554EFE92A6A88D3007AFDD9 /* Type1TableCell.swift */,
				4554EFEA2A6A88D3007AFDD9 /* Type1TableCell.xib */,
				4554EFED2A6A88E5007AFDD9 /* Type2TableCell.swift */,
				4554EFEE2A6A88E5007AFDD9 /* Type2TableCell.xib */,
				4554EFF12A6A8DE2007AFDD9 /* Type3TableCell.swift */,
				4554EFF22A6A8DE2007AFDD9 /* Type3TableCell.xib */,
				4554EFF52A6A8DEF007AFDD9 /* Type4TableCell.swift */,
				4554EFF62A6A8DEF007AFDD9 /* Type4TableCell.xib */,
			);
			path = TableViewWithoutSwiftCaseWithDifferentCell;
			sourceTree = "<group>";
		};
/* End PBXGroup section */

/* Begin PBXNativeTarget section */
		4554EFCD2A6A8651007AFDD9 /* TableViewWithoutSwiftCaseWithDifferentCell */ = {
			isa = PBXNativeTarget;
			buildConfigurationList = 4554EFE22A6A8652007AFDD9 /* Build configuration list for PBXNativeTarget "TableViewWithoutSwiftCaseWithDifferentCell" */;
			buildPhases = (
				4554EFCA2A6A8651007AFDD9 /* Sources */,
				4554EFCB2A6A8651007AFDD9 /* Frameworks */,
				4554EFCC2A6A8651007AFDD9 /* Resources */,
			);
			buildRules = (
			);
			dependencies = (
			);
			name = TableViewWithoutSwiftCaseWithDifferentCell;
			productName = TableViewWithoutSwiftCaseWithDifferentCell;
			productReference = 4554EFCE2A6A8651007AFDD9 /* TableViewWithoutSwiftCaseWithDifferentCell.app */;
			productType = "com.apple.product-type.application";
		};
/* End PBXNativeTarget section */

/* Begin PBXProject section */
		4554EFC62A6A8651007AFDD9 /* Project object */ = {
			isa = PBXProject;
			attributes = {
				BuildIndependentTargetsInParallel = 1;
				LastSwiftUpdateCheck = 1430;
				LastUpgradeCheck = 1430;
				TargetAttributes = {
					4554EFCD2A6A8651007AFDD9 = {
						CreatedOnToolsVersion = 14.3.1;
					};
				};
			};
			buildConfigurationList = 4554EFC92A6A8651007AFDD9 /* Build configuration list for PBXProject "TableViewWithoutSwiftCaseWithDifferentCell" */;
			compatibilityVersion = "Xcode 14.0";
			developmentRegion = en;
			hasScannedForEncodings = 0;
			knownRegions = (
				en,
				Base,
			);
			mainGroup = 4554EFC52A6A8651007AFDD9;
			productRefGroup = 4554EFCF2A6A8651007AFDD9 /* Products */;
			projectDirPath = "";
			projectRoot = "";
			targets = (
				4554EFCD2A6A8651007AFDD9 /* TableViewWithoutSwiftCaseWithDifferentCell */,
			);
		};
/* End PBXProject section */

/* Begin PBXResourcesBuildPhase section */
		4554EFCC2A6A8651007AFDD9 /* Resources */ = {
			isa = PBXResourcesBuildPhase;
			buildActionMask = 2147483647;
			files = (
				4554EFDE2A6A8652007AFDD9 /* LaunchScreen.storyboard in Resources */,
				4554EFF02A6A88E5007AFDD9 /* Type2TableCell.xib in Resources */,
				4554EFF82A6A8DEF007AFDD9 /* Type4TableCell.xib in Resources */,
				4554EFF42A6A8DE2007AFDD9 /* Type3TableCell.xib in Resources */,
				4554EFDB2A6A8652007AFDD9 /* Assets.xcassets in Resources */,
				4554EFEC2A6A88D3007AFDD9 /* Type1TableCell.xib in Resources */,
				4554EFD92A6A8651007AFDD9 /* Main.storyboard in Resources */,
			);
			runOnlyForDeploymentPostprocessing = 0;
		};
/* End PBXResourcesBuildPhase section */

/* Begin PBXSourcesBuildPhase section */
		4554EFCA2A6A8651007AFDD9 /* Sources */ = {
			isa = PBXSourcesBuildPhase;
			buildActionMask = 2147483647;
			files = (
				4554EFEB2A6A88D3007AFDD9 /* Type1TableCell.swift in Sources */,
				4554EFF32A6A8DE2007AFDD9 /* Type3TableCell.swift in Sources */,
				4554EFEF2A6A88E5007AFDD9 /* Type2TableCell.swift in Sources */,
				4554EFD62A6A8651007AFDD9 /* ViewController.swift in Sources */,
				4554EFD22A6A8651007AFDD9 /* AppDelegate.swift in Sources */,
				4554EFF72A6A8DEF007AFDD9 /* Type4TableCell.swift in Sources */,
				4554EFD42A6A8651007AFDD9 /* SceneDelegate.swift in Sources */,
				4554EFE62A6A8660007AFDD9 /* CellController.swift in Sources */,
			);
			runOnlyForDeploymentPostprocessing = 0;
		};
/* End PBXSourcesBuildPhase section */

/* Begin PBXVariantGroup section */
		4554EFD72A6A8651007AFDD9 /* Main.storyboard */ = {
			isa = PBXVariantGroup;
			children = (
				4554EFD82A6A8651007AFDD9 /* Base */,
			);
			name = Main.storyboard;
			sourceTree = "<group>";
		};
		4554EFDC2A6A8652007AFDD9 /* LaunchScreen.storyboard */ = {
			isa = PBXVariantGroup;
			children = (
				4554EFDD2A6A8652007AFDD9 /* Base */,
			);
			name = LaunchScreen.storyboard;
			sourceTree = "<group>";
		};
/* End PBXVariantGroup section */

/* Begin XCBuildConfiguration section */
		4554EFE02A6A8652007AFDD9 /* Debug */ = {
			isa = XCBuildConfiguration;
			buildSettings = {
				ALWAYS_SEARCH_USER_PATHS = NO;
				CLANG_ANALYZER_NONNULL = YES;
				CLANG_ANALYZER_NUMBER_OBJECT_CONVERSION = YES_AGGRESSIVE;
				CLANG_CXX_LANGUAGE_STANDARD = "gnu++20";
				CLANG_ENABLE_MODULES = YES;
				CLANG_ENABLE_OBJC_ARC = YES;
				CLANG_ENABLE_OBJC_WEAK = YES;
				CLANG_WARN_BLOCK_CAPTURE_AUTORELEASING = YES;
				CLANG_WARN_BOOL_CONVERSION = YES;
				CLANG_WARN_COMMA = YES;
				CLANG_WARN_CONSTANT_CONVERSION = YES;
				CLANG_WARN_DEPRECATED_OBJC_IMPLEMENTATIONS = YES;
				CLANG_WARN_DIRECT_OBJC_ISA_USAGE = YES_ERROR;
				CLANG_WARN_DOCUMENTATION_COMMENTS = YES;
				CLANG_WARN_EMPTY_BODY = YES;
				CLANG_WARN_ENUM_CONVERSION = YES;
				CLANG_WARN_INFINITE_RECURSION = YES;
				CLANG_WARN_INT_CONVERSION = YES;
				CLANG_WARN_NON_LITERAL_NULL_CONVERSION = YES;
				CLANG_WARN_OBJC_IMPLICIT_RETAIN_SELF = YES;
				CLANG_WARN_OBJC_LITERAL_CONVERSION = YES;
				CLANG_WARN_OBJC_ROOT_CLASS = YES_ERROR;
				CLANG_WARN_QUOTED_INCLUDE_IN_FRAMEWORK_HEADER = YES;
				CLANG_WARN_RANGE_LOOP_ANALYSIS = YES;
				CLANG_WARN_STRICT_PROTOTYPES = YES;
				CLANG_WARN_SUSPICIOUS_MOVE = YES;
				CLANG_WARN_UNGUARDED_AVAILABILITY = YES_AGGRESSIVE;
				CLANG_WARN_UNREACHABLE_CODE = YES;
				CLANG_WARN__DUPLICATE_METHOD_MATCH = YES;
				COPY_PHASE_STRIP = NO;
				DEBUG_INFORMATION_FORMAT = dwarf;
				ENABLE_STRICT_OBJC_MSGSEND = YES;
				ENABLE_TESTABILITY = YES;
				GCC_C_LANGUAGE_STANDARD = gnu11;
				GCC_DYNAMIC_NO_PIC = NO;
				GCC_NO_COMMON_BLOCKS = YES;
				GCC_OPTIMIZATION_LEVEL = 0;
				GCC_PREPROCESSOR_DEFINITIONS = (
					"DEBUG=1",
					"$(inherited)",
				);
				GCC_WARN_64_TO_32_BIT_CONVERSION = YES;
				GCC_WARN_ABOUT_RETURN_TYPE = YES_ERROR;
				GCC_WARN_UNDECLARED_SELECTOR = YES;
				GCC_WARN_UNINITIALIZED_AUTOS = YES_AGGRESSIVE;
				GCC_WARN_UNUSED_FUNCTION = YES;
				GCC_WARN_UNUSED_VARIABLE = YES;
				IPHONEOS_DEPLOYMENT_TARGET = 16.4;
				MTL_ENABLE_DEBUG_INFO = INCLUDE_SOURCE;
				MTL_FAST_MATH = YES;
				ONLY_ACTIVE_ARCH = YES;
				SDKROOT = iphoneos;
				SWIFT_ACTIVE_COMPILATION_CONDITIONS = DEBUG;
				SWIFT_OPTIMIZATION_LEVEL = "-Onone";
			};
			name = Debug;
		};
		4554EFE12A6A8652007AFDD9 /* Release */ = {
			isa = XCBuildConfiguration;
			buildSettings = {
				ALWAYS_SEARCH_USER_PATHS = NO;
				CLANG_ANALYZER_NONNULL = YES;
				CLANG_ANALYZER_NUMBER_OBJECT_CONVERSION = YES_AGGRESSIVE;
				CLANG_CXX_LANGUAGE_STANDARD = "gnu++20";
				CLANG_ENABLE_MODULES = YES;
				CLANG_ENABLE_OBJC_ARC = YES;
				CLANG_ENABLE_OBJC_WEAK = YES;
				CLANG_WARN_BLOCK_CAPTURE_AUTORELEASING = YES;
				CLANG_WARN_BOOL_CONVERSION = YES;
				CLANG_WARN_COMMA = YES;
				CLANG_WARN_CONSTANT_CONVERSION = YES;
				CLANG_WARN_DEPRECATED_OBJC_IMPLEMENTATIONS = YES;
				CLANG_WARN_DIRECT_OBJC_ISA_USAGE = YES_ERROR;
				CLANG_WARN_DOCUMENTATION_COMMENTS = YES;
				CLANG_WARN_EMPTY_BODY = YES;
				CLANG_WARN_ENUM_CONVERSION = YES;
				CLANG_WARN_INFINITE_RECURSION = YES;
				CLANG_WARN_INT_CONVERSION = YES;
				CLANG_WARN_NON_LITERAL_NULL_CONVERSION = YES;
				CLANG_WARN_OBJC_IMPLICIT_RETAIN_SELF = YES;
				CLANG_WARN_OBJC_LITERAL_CONVERSION = YES;
				CLANG_WARN_OBJC_ROOT_CLASS = YES_ERROR;
				CLANG_WARN_QUOTED_INCLUDE_IN_FRAMEWORK_HEADER = YES;
				CLANG_WARN_RANGE_LOOP_ANALYSIS = YES;
				CLANG_WARN_STRICT_PROTOTYPES = YES;
				CLANG_WARN_SUSPICIOUS_MOVE = YES;
				CLANG_WARN_UNGUARDED_AVAILABILITY = YES_AGGRESSIVE;
				CLANG_WARN_UNREACHABLE_CODE = YES;
				CLANG_WARN__DUPLICATE_METHOD_MATCH = YES;
				COPY_PHASE_STRIP = NO;
				DEBUG_INFORMATION_FORMAT = "dwarf-with-dsym";
				ENABLE_NS_ASSERTIONS = NO;
				ENABLE_STRICT_OBJC_MSGSEND = YES;
				GCC_C_LANGUAGE_STANDARD = gnu11;
				GCC_NO_COMMON_BLOCKS = YES;
				GCC_WARN_64_TO_32_BIT_CONVERSION = YES;
				GCC_WARN_ABOUT_RETURN_TYPE = YES_ERROR;
				GCC_WARN_UNDECLARED_SELECTOR = YES;
				GCC_WARN_UNINITIALIZED_AUTOS = YES_AGGRESSIVE;
				GCC_WARN_UNUSED_FUNCTION = YES;
				GCC_WARN_UNUSED_VARIABLE = YES;
				IPHONEOS_DEPLOYMENT_TARGET = 16.4;
				MTL_ENABLE_DEBUG_INFO = NO;
				MTL_FAST_MATH = YES;
				SDKROOT = iphoneos;
				SWIFT_COMPILATION_MODE = wholemodule;
				SWIFT_OPTIMIZATION_LEVEL = "-O";
				VALIDATE_PRODUCT = YES;
			};
			name = Release;
		};
		4554EFE32A6A8652007AFDD9 /* Debug */ = {
			isa = XCBuildConfiguration;
			buildSettings = {
				ASSETCATALOG_COMPILER_APPICON_NAME = AppIcon;
				ASSETCATALOG_COMPILER_GLOBAL_ACCENT_COLOR_NAME = AccentColor;
				CODE_SIGN_STYLE = Automatic;
				CURRENT_PROJECT_VERSION = 1;
				GENERATE_INFOPLIST_FILE = YES;
				INFOPLIST_FILE = TableViewWithoutSwiftCaseWithDifferentCell/Info.plist;
				INFOPLIST_KEY_UIApplicationSupportsIndirectInputEvents = YES;
				INFOPLIST_KEY_UILaunchStoryboardName = LaunchScreen;
				INFOPLIST_KEY_UIMainStoryboardFile = Main;
				INFOPLIST_KEY_UISupportedInterfaceOrientations_iPad = "UIInterfaceOrientationPortrait UIInterfaceOrientationPortraitUpsideDown UIInterfaceOrientationLandscapeLeft UIInterfaceOrientationLandscapeRight";
				INFOPLIST_KEY_UISupportedInterfaceOrientations_iPhone = "UIInterfaceOrientationPortrait UIInterfaceOrientationLandscapeLeft UIInterfaceOrientationLandscapeRight";
				LD_RUNPATH_SEARCH_PATHS = (
					"$(inherited)",
					"@executable_path/Frameworks",
				);
				MARKETING_VERSION = 1.0;
				PRODUCT_BUNDLE_IDENTIFIER = com.TableViewWithoutSwiftCaseWithDifferentCell;
				PRODUCT_NAME = "$(TARGET_NAME)";
				SWIFT_EMIT_LOC_STRINGS = YES;
				SWIFT_VERSION = 5.0;
				TARGETED_DEVICE_FAMILY = "1,2";
			};
			name = Debug;
		};
		4554EFE42A6A8652007AFDD9 /* Release */ = {
			isa = XCBuildConfiguration;
			buildSettings = {
				ASSETCATALOG_COMPILER_APPICON_NAME = AppIcon;
				ASSETCATALOG_COMPILER_GLOBAL_ACCENT_COLOR_NAME = AccentColor;
				CODE_SIGN_STYLE = Automatic;
				CURRENT_PROJECT_VERSION = 1;
				GENERATE_INFOPLIST_FILE = YES;
				INFOPLIST_FILE = TableViewWithoutSwiftCaseWithDifferentCell/Info.plist;
				INFOPLIST_KEY_UIApplicationSupportsIndirectInputEvents = YES;
				INFOPLIST_KEY_UILaunchStoryboardName = LaunchScreen;
				INFOPLIST_KEY_UIMainStoryboardFile = Main;
				INFOPLIST_KEY_UISupportedInterfaceOrientations_iPad = "UIInterfaceOrientationPortrait UIInterfaceOrientationPortraitUpsideDown UIInterfaceOrientationLandscapeLeft UIInterfaceOrientationLandscapeRight";
				INFOPLIST_KEY_UISupportedInterfaceOrientations_iPhone = "UIInterfaceOrientationPortrait UIInterfaceOrientationLandscapeLeft UIInterfaceOrientationLandscapeRight";
				LD_RUNPATH_SEARCH_PATHS = (
					"$(inherited)",
					"@executable_path/Frameworks",
				);
				MARKETING_VERSION = 1.0;
				PRODUCT_BUNDLE_IDENTIFIER = com.TableViewWithoutSwiftCaseWithDifferentCell;
				PRODUCT_NAME = "$(TARGET_NAME)";
				SWIFT_EMIT_LOC_STRINGS = YES;
				SWIFT_VERSION = 5.0;
				TARGETED_DEVICE_FAMILY = "1,2";
			};
			name = Release;
		};
/* End XCBuildConfiguration section */

/* Begin XCConfigurationList section */
		4554EFC92A6A8651007AFDD9 /* Build configuration list for PBXProject "TableViewWithoutSwiftCaseWithDifferentCell" */ = {
			isa = XCConfigurationList;
			buildConfigurations = (
				4554EFE02A6A8652007AFDD9 /* Debug */,
				4554EFE12A6A8652007AFDD9 /* Release */,
			);
			defaultConfigurationIsVisible = 0;
			defaultConfigurationName = Release;
		};
		4554EFE22A6A8652007AFDD9 /* Build configuration list for PBXNativeTarget "TableViewWithoutSwiftCaseWithDifferentCell" */ = {
			isa = XCConfigurationList;
			buildConfigurations = (
				4554EFE32A6A8652007AFDD9 /* Debug */,
				4554EFE42A6A8652007AFDD9 /* Release */,
			);
			defaultConfigurationIsVisible = 0;
			defaultConfigurationName = Release;
		};
/* End XCConfigurationList section */
	};
	rootObject = 4554EFC62A6A8651007AFDD9 /* Project object */;
}
